
Microsoft Visual Studio Solution File, Format Version 12.00
# Visual Studio 15
VisualStudioVersion = 15.0.27703.2026
MinimumVisualStudioVersion = 10.0.40219.1
Project("{FAE04EC0-301F-11D3-BF4B-00C04F79EFBC}") = "DotNetCoreAndAngular", "DotNetCoreAndAngular\DotNetCoreAndAngular.csproj", "{60A03F0C-E3AE-4A79-9447-D1782CA13567}"
EndProject
Global
	GlobalSection(SolutionConfigurationPlatforms) = preSolution
		Debug|Any CPU = Debug|Any CPU
		Release|Any CPU = Release|Any CPU
	EndGlobalSection
	GlobalSection(ProjectConfigurationPlatforms) = postSolution
		{60A03F0C-E3AE-4A79-9447-D1782CA13567}.Debug|Any CPU.ActiveCfg = Debug|Any CPU
		{60A03F0C-E3AE-4A79-9447-D1782CA13567}.Debug|Any CPU.Build.0 = Debug|Any CPU
		{60A03F0C-E3AE-4A79-9447-D1782CA13567}.Release|Any CPU.ActiveCfg = Release|Any CPU
		{60A03F0C-E3AE-4A79-9447-D1782CA13567}.Release|Any CPU.Build.0 = Release|Any CPU
	EndGlobalSection
	GlobalSection(SolutionProperties) = preSolution
		HideSolutionNode = FALSE
	EndGlobalSection
	GlobalSection(ExtensibilityGlobals) = postSolution
		SolutionGuid = {8E904863-E4F9-4BB1-AD29-1183E9D5F847}
	EndGlobalSection
EndGlobal
